// !$*UTF8*$!
{
	archiveVersion = 1;
	classes = {
	};
	objectVersion = 56;
	objects = {

/* Begin PBXBuildFile section */
	1A0D0C0611223344556677B0 /* FloritaApp.swift in Sources */ = {isa = PBXBuildFile; fileRef = 1A0D0C061122334455667788 /* FloritaApp.swift */; };
	1A0D0C0611223344556677B1 /* ContentView.swift in Sources */ = {isa = PBXBuildFile; fileRef = 1A0D0C061122334455667789 /* ContentView.swift */; };
	1A0D0C0611223344556677B2 /* PlantStore.swift in Sources */ = {isa = PBXBuildFile; fileRef = 1A0D0C06112233445566778D /* PlantStore.swift */; };
	1A0D0C0611223344556677B3 /* PlantStage.swift in Sources */ = {isa = PBXBuildFile; fileRef = 1A0D0C06112233445566778E /* PlantStage.swift */; };
	1A0D0C0611223344556677B4 /* PlantGraphics.swift in Sources */ = {isa = PBXBuildFile; fileRef = 1A0D0C06112233445566778F /* PlantGraphics.swift */; };
	1A0D0C0611223344556677B6 /* NotificationService.swift in Sources */ = {isa = PBXBuildFile; fileRef = 1A0D0C061122334455667790 /* NotificationService.swift */; };
	1A0D0C0611223344556677B7 /* Localizable.strings in Resources */ = {isa = PBXBuildFile; fileRef = 1A0D0C06112233445566779C /* Localizable.strings */; };
	1A0D0C0611223344556677C0 /* PlantStoreTests.swift in Sources */ = {isa = PBXBuildFile; fileRef = 1A0D0C061122334455667795 /* PlantStoreTests.swift */; };
	1A0D0C0611223344556677D0 /* FloritaSettingsView.swift in Sources */ = {isa = PBXBuildFile; fileRef = 1A0D0C0611223344556677CF /* FloritaSettingsView.swift */; };
	1A0D0C0611223344556677D1 /* OnboardingFlowView.swift in Sources */ = {isa = PBXBuildFile; fileRef = 1A0D0C0611223344556677D3 /* OnboardingFlowView.swift */; };
	1A0D0C0611223344556677D2 /* UserPreferences.swift in Sources */ = {isa = PBXBuildFile; fileRef = 1A0D0C0611223344556677D4 /* UserPreferences.swift */; };
	1A0D0C0611223344556677D6 /* FloritaMiniView.swift in Sources */ = {isa = PBXBuildFile; fileRef = 1A0D0C0611223344556677D7 /* FloritaMiniView.swift */; };
	1A0D0C0611223344556677D8 /* FloritaMenuBarView.swift in Sources */ = {isa = PBXBuildFile; fileRef = 1A0D0C0611223344556677D9 /* FloritaMenuBarView.swift */; };
	1A0D0C0611223344556677DA /* PlantDisplayView.swift in Sources */ = {isa = PBXBuildFile; fileRef = 1A0D0C0611223344556677DB /* PlantDisplayView.swift */; };
	1A0D0C0611223344556677DC /* WateringOverlay.swift in Sources */ = {isa = PBXBuildFile; fileRef = 1A0D0C0611223344556677DD /* WateringOverlay.swift */; };
	1A0D0C0611223344556677E0 /* WindowConfigurationHelpers.swift in Sources */ = {isa = PBXBuildFile; fileRef = 1A0D0C0611223344556677DF /* WindowConfigurationHelpers.swift */; };
/* End PBXBuildFile section */

/* Begin PBXContainerItemProxy section */
	1A0D0C0611223344556677C1 /* PBXContainerItemProxy */ = {
		isa = PBXContainerItemProxy;
		containerPortal = 1A0D0C061122334455667780 /* Project object */;
		proxyType = 1;
		remoteGlobalIDString = 1A0D0C061122334455667799;
		remoteInfo = Florita;
	};
/* End PBXContainerItemProxy section */

/* Begin PBXFileReference section */
	1A0D0C061122334455667788 /* FloritaApp.swift */ = {isa = PBXFileReference; lastKnownFileType = sourcecode.swift; path = FloritaApp.swift; sourceTree = "<group>"; };
	1A0D0C061122334455667789 /* ContentView.swift */ = {isa = PBXFileReference; lastKnownFileType = sourcecode.swift; path = ContentView.swift; sourceTree = "<group>"; };
	1A0D0C06112233445566778A /* Info.plist */ = {isa = PBXFileReference; lastKnownFileType = text.plist.xml; path = Info.plist; sourceTree = "<group>"; };
	1A0D0C06112233445566778D /* PlantStore.swift */ = {isa = PBXFileReference; lastKnownFileType = sourcecode.swift; path = PlantStore.swift; sourceTree = "<group>"; };
	1A0D0C06112233445566778E /* PlantStage.swift */ = {isa = PBXFileReference; lastKnownFileType = sourcecode.swift; path = PlantStage.swift; sourceTree = "<group>"; };
	1A0D0C06112233445566778F /* PlantGraphics.swift */ = {isa = PBXFileReference; lastKnownFileType = sourcecode.swift; path = PlantGraphics.swift; sourceTree = "<group>"; };
	1A0D0C061122334455667790 /* NotificationService.swift */ = {isa = PBXFileReference; lastKnownFileType = sourcecode.swift; path = NotificationService.swift; sourceTree = "<group>"; };
	1A0D0C061122334455667795 /* PlantStoreTests.swift */ = {isa = PBXFileReference; lastKnownFileType = sourcecode.swift; path = PlantStoreTests.swift; sourceTree = "<group>"; };
	1A0D0C061122334455667796 /* Florita.app */ = {isa = PBXFileReference; explicitFileType = wrapper.application; includeInIndex = 0; path = Florita.app; sourceTree = BUILT_PRODUCTS_DIR; };
	1A0D0C061122334455667798 /* FloritaTests.xctest */ = {isa = PBXFileReference; explicitFileType = wrapper.cfbundle; includeInIndex = 0; path = FloritaTests.xctest; sourceTree = BUILT_PRODUCTS_DIR; };
	1A0D0C06112233445566779D /* de */ = {isa = PBXFileReference; lastKnownFileType = text.plist.strings; name = de; path = de.lproj/Localizable.strings; sourceTree = "<group>"; };
	1A0D0C06112233445566779E /* Base */ = {isa = PBXFileReference; lastKnownFileType = text.plist.strings; name = Base; path = Base.lproj/Localizable.strings; sourceTree = "<group>"; };
	1A0D0C06112233445566779F /* es */ = {isa = PBXFileReference; lastKnownFileType = text.plist.strings; name = es; path = es.lproj/Localizable.strings; sourceTree = "<group>"; };
	1A0D0C0611223344556677DF /* WindowConfigurationHelpers.swift */ = {isa = PBXFileReference; lastKnownFileType = sourcecode.swift; path = WindowConfigurationHelpers.swift; sourceTree = "<group>"; };
	1A0D0C0611223344556677CF /* FloritaSettingsView.swift */ = {isa = PBXFileReference; lastKnownFileType = sourcecode.swift; path = FloritaSettingsView.swift; sourceTree = "<group>"; };
	1A0D0C0611223344556677D3 /* OnboardingFlowView.swift */ = {isa = PBXFileReference; lastKnownFileType = sourcecode.swift; path = OnboardingFlowView.swift; sourceTree = "<group>"; };
	1A0D0C0611223344556677D4 /* UserPreferences.swift */ = {isa = PBXFileReference; lastKnownFileType = sourcecode.swift; path = UserPreferences.swift; sourceTree = "<group>"; };
	1A0D0C0611223344556677D7 /* FloritaMiniView.swift */ = {isa = PBXFileReference; lastKnownFileType = sourcecode.swift; path = FloritaMiniView.swift; sourceTree = "<group>"; };
	1A0D0C0611223344556677D9 /* FloritaMenuBarView.swift */ = {isa = PBXFileReference; lastKnownFileType = sourcecode.swift; path = FloritaMenuBarView.swift; sourceTree = "<group>"; };
	1A0D0C0611223344556677DB /* PlantDisplayView.swift */ = {isa = PBXFileReference; lastKnownFileType = sourcecode.swift; path = PlantDisplayView.swift; sourceTree = "<group>"; };
	1A0D0C0611223344556677DD /* WateringOverlay.swift */ = {isa = PBXFileReference; lastKnownFileType = sourcecode.swift; path = WateringOverlay.swift; sourceTree = "<group>"; };
/* End PBXFileReference section */

/* Begin PBXFrameworksBuildPhase section */
	1A0D0C0611223344556677A1 /* Frameworks */ = {
		isa = PBXFrameworksBuildPhase;
		buildActionMask = 2147483647;
		files = (
		);
		runOnlyForDeploymentPostprocessing = 0;
	};
	1A0D0C0611223344556677A8 /* Frameworks */ = {
		isa = PBXFrameworksBuildPhase;
		buildActionMask = 2147483647;
		files = (
		);
		runOnlyForDeploymentPostprocessing = 0;
	};
/* End PBXFrameworksBuildPhase section */

/* Begin PBXGroup section */
	1A0D0C061122334455667781 = {
		isa = PBXGroup;
		children = (
	1A0D0C061122334455667782 /* Florita */, 
			1A0D0C061122334455667783 /* Shared */,
			1A0D0C061122334455667785 /* FloritaTests */,
			1A0D0C061122334455667786 /* Products */
		);
		sourceTree = "<group>";
	};
	1A0D0C061122334455667782 /* Florita */ = {
		isa = PBXGroup;
		children = (
			1A0D0C061122334455667788 /* FloritaApp.swift */,
			1A0D0C061122334455667789 /* ContentView.swift */,
			1A0D0C0611223344556677D3 /* OnboardingFlowView.swift */,
			1A0D0C0611223344556677CF /* FloritaSettingsView.swift */,
			1A0D0C0611223344556677D7 /* FloritaMiniView.swift */,
			1A0D0C0611223344556677D9 /* FloritaMenuBarView.swift */,
			1A0D0C06112233445566778A /* Info.plist */
		);
		path = FloritaApp;
		sourceTree = "<group>";
	};
	1A0D0C061122334455667783 /* Shared */ = {
		isa = PBXGroup;
		children = (
			1A0D0C06112233445566778D /* PlantStore.swift */,
			1A0D0C06112233445566778E /* PlantStage.swift */,
			1A0D0C06112233445566778F /* PlantGraphics.swift */,
			1A0D0C0611223344556677DB /* PlantDisplayView.swift */,
			1A0D0C0611223344556677DD /* WateringOverlay.swift */,
			1A0D0C0611223344556677D4 /* UserPreferences.swift */,
			1A0D0C061122334455667790 /* NotificationService.swift */,
			1A0D0C0611223344556677DF /* WindowConfigurationHelpers.swift */,
			1A0D0C06112233445566779C /* Localizable.strings */
		);
		path = Shared;
		sourceTree = "<group>";
	};
	1A0D0C061122334455667785 /* FloritaTests */ = {
		isa = PBXGroup;
		children = (
			1A0D0C061122334455667795 /* PlantStoreTests.swift */
		);
		path = FloritaTests;
		sourceTree = "<group>";
	};
	1A0D0C061122334455667786 /* Products */ = {
		isa = PBXGroup;
		children = (
			1A0D0C061122334455667796 /* Florita.app */,
			1A0D0C061122334455667798 /* FloritaTests.xctest */
		);
		name = Products;
		sourceTree = "<group>";
	};
/* End PBXGroup section */

/* Begin PBXNativeTarget section */
	1A0D0C061122334455667799 /* Florita */ = {
		isa = PBXNativeTarget;
		buildConfigurationList = 1A0D0C0611223344556677C6 /* Build configuration list for PBXNativeTarget "Florita" */;
		buildPhases = (
			1A0D0C0611223344556677A0 /* Sources */,
			1A0D0C0611223344556677A1 /* Frameworks */,
			1A0D0C0611223344556677A2 /* Resources */
		);
		buildRules = (
		);
		dependencies = (
		);
		name = Florita;
		productName = Florita;
		productReference = 1A0D0C061122334455667796 /* Florita.app */;
		productType = "com.apple.product-type.application";
	};
	1A0D0C06112233445566779B /* FloritaTests */ = {
		isa = PBXNativeTarget;
		buildConfigurationList = 1A0D0C0611223344556677CC /* Build configuration list for PBXNativeTarget "FloritaTests" */;
		buildPhases = (
			1A0D0C0611223344556677A7 /* Sources */,
			1A0D0C0611223344556677A8 /* Frameworks */,
			1A0D0C0611223344556677A9 /* Resources */
		);
		buildRules = (
		);
		dependencies = (
			1A0D0C0611223344556677C2 /* PBXTargetDependency */
		);
		name = FloritaTests;
		productName = FloritaTests;
		productReference = 1A0D0C061122334455667798 /* FloritaTests.xctest */;
		productType = "com.apple.product-type.bundle.unit-test";
	};
/* End PBXNativeTarget section */

/* Begin PBXProject section */
	1A0D0C061122334455667780 /* Project object */ = {
		isa = PBXProject;
		attributes = {
			LastSwiftUpdateCheck = 1500;
			LastUpgradeCheck = 1500;
			TargetAttributes = {
				1A0D0C061122334455667799 = {
					CreatedOnToolsVersion = 15.0;
					DevelopmentTeam = "";
					ProvisioningStyle = Automatic;
				};
				1A0D0C06112233445566779A = {
					CreatedOnToolsVersion = 15.0;
					DevelopmentTeam = "";
					ProvisioningStyle = Automatic;
				};
				1A0D0C06112233445566779B = {
					CreatedOnToolsVersion = 15.0;
					DevelopmentTeam = "";
					ProvisioningStyle = Automatic;
				};
			};
		};
		buildConfigurationList = 1A0D0C0611223344556677C3 /* Build configuration list for PBXProject "Florita" */;
		compatibilityVersion = "Xcode 14.0";
		developmentRegion = en;
		hasScannedForEncodings = 0;
		knownRegions = (
			Base,
			de,
			en,
			es
		);
		mainGroup = 1A0D0C061122334455667781;
		productRefGroup = 1A0D0C061122334455667786 /* Products */;
		projectDirPath = "";
		projectRoot = "";
		targets = (
			1A0D0C061122334455667799 /* Florita */,
			1A0D0C06112233445566779B /* FloritaTests */
		);
	};
/* End PBXProject section */

/* Begin PBXResourcesBuildPhase section */
	1A0D0C0611223344556677A2 /* Resources */ = {
		isa = PBXResourcesBuildPhase;
		buildActionMask = 2147483647;
		files = (
			1A0D0C0611223344556677B7 /* Localizable.strings in Resources */
		);
		runOnlyForDeploymentPostprocessing = 0;
	};
	1A0D0C0611223344556677A9 /* Resources */ = {
		isa = PBXResourcesBuildPhase;
		buildActionMask = 2147483647;
		files = (
		);
		runOnlyForDeploymentPostprocessing = 0;
	};
/* End PBXResourcesBuildPhase section */

/* Begin PBXSourcesBuildPhase section */
	1A0D0C0611223344556677A0 /* Sources */ = {
		isa = PBXSourcesBuildPhase;
		buildActionMask = 2147483647;
		files = (
			1A0D0C0611223344556677B6 /* NotificationService.swift in Sources */,
			1A0D0C0611223344556677B4 /* PlantGraphics.swift in Sources */,
			1A0D0C0611223344556677B3 /* PlantStage.swift in Sources */,
			1A0D0C0611223344556677B2 /* PlantStore.swift in Sources */,
			1A0D0C0611223344556677B1 /* ContentView.swift in Sources */,
			1A0D0C0611223344556677B0 /* FloritaApp.swift in Sources */,
			1A0D0C0611223344556677D0 /* FloritaSettingsView.swift in Sources */,
			1A0D0C0611223344556677D1 /* OnboardingFlowView.swift in Sources */,
			1A0D0C0611223344556677D2 /* UserPreferences.swift in Sources */,
			1A0D0C0611223344556677D6 /* FloritaMiniView.swift in Sources */,
			1A0D0C0611223344556677D8 /* FloritaMenuBarView.swift in Sources */,
			1A0D0C0611223344556677DA /* PlantDisplayView.swift in Sources */,
			1A0D0C0611223344556677DC /* WateringOverlay.swift in Sources */,
			1A0D0C0611223344556677E0 /* WindowConfigurationHelpers.swift in Sources */
		);
		runOnlyForDeploymentPostprocessing = 0;
	};
	1A0D0C0611223344556677A7 /* Sources */ = {
		isa = PBXSourcesBuildPhase;
		buildActionMask = 2147483647;
		files = (
			1A0D0C0611223344556677C0 /* PlantStoreTests.swift in Sources */
		);
		runOnlyForDeploymentPostprocessing = 0;
	};
/* End PBXSourcesBuildPhase section */

/* Begin PBXTargetDependency section */
	1A0D0C0611223344556677C2 /* PBXTargetDependency */ = {
		isa = PBXTargetDependency;
		target = 1A0D0C061122334455667799 /* Florita */;
		targetProxy = 1A0D0C0611223344556677C1 /* PBXContainerItemProxy */;
	};
/* End PBXTargetDependency section */

/* Begin PBXVariantGroup section */
	1A0D0C06112233445566779C /* Localizable.strings */ = {
		isa = PBXVariantGroup;
		children = (
			1A0D0C06112233445566779E /* Base */,
			1A0D0C06112233445566779D /* de */,
			1A0D0C06112233445566779F /* es */
		);
		name = Localizable.strings;
		sourceTree = "<group>";
	};
/* End PBXVariantGroup section */

/* Begin XCBuildConfiguration section */
	1A0D0C0611223344556677C4 /* Debug */ = {
		isa = XCBuildConfiguration;
		buildSettings = {
			ALWAYS_SEARCH_USER_PATHS = NO;
			CLANG_ANALYZER_NONNULL = YES;
			CLANG_ANALYZER_NUMBER_OBJECT_CONVERSION = YES_AGGRESSIVE;
			CLANG_CXX_LANGUAGE_STANDARD = "gnu++20";
			CLANG_ENABLE_MODULES = YES;
			CLANG_ENABLE_OBJC_ARC = YES;
			CLANG_WARN_BLOCK_CAPTURE_AUTORELEASING = YES;
			CLANG_WARN_BOOL_CONVERSION = YES;
			CLANG_WARN_COMMA = YES;
			CLANG_WARN_CONSTANT_CONVERSION = YES;
			CLANG_WARN_DEPRECATED_OBJC_IMPLEMENTATIONS = YES;
			CLANG_WARN_DIRECT_OBJC_ISA_USAGE = YES_ERROR;
			CLANG_WARN_DOCUMENTATION_COMMENTS = YES;
			CLANG_WARN_EMPTY_BODY = YES;
			CLANG_WARN_ENUM_CONVERSION = YES;
			CLANG_WARN_INFINITE_RECURSION = YES;
			CLANG_WARN_INT_CONVERSION = YES;
			CLANG_WARN_NON_LITERAL_NULL_CONVERSION = YES;
			CLANG_WARN_OBJC_IMPLICIT_RETAIN_SELF = YES;
			CLANG_WARN_OBJC_LITERAL_CONVERSION = YES;
			CLANG_WARN_RANGE_LOOP_ANALYSIS = YES;
			CLANG_WARN_STRICT_PROTOTYPES = YES;
			CLANG_WARN_SUSPICIOUS_MOVE = YES;
			CLANG_WARN_UNREACHABLE_CODE = YES;
			CLANG_WARN__DUPLICATE_METHOD_MATCH = YES;
			COPY_PHASE_STRIP = NO;
			ENABLE_STRICT_OBJC_MSGSEND = YES;
			GCC_C_LANGUAGE_STANDARD = gnu11;
			GCC_DYNAMIC_NO_PIC = NO;
			GCC_NO_COMMON_BLOCKS = YES;
			GCC_OPTIMIZATION_LEVEL = 0;
			GCC_PREPROCESSOR_DEFINITIONS = (
				"DEBUG=1",
				"$(inherited)"
			);
			GCC_WARN_64_TO_32_BIT_CONVERSION = YES;
			GCC_WARN_ABOUT_RETURN_TYPE = YES_ERROR;
			GCC_WARN_UNDECLARED_SELECTOR = YES;
			GCC_WARN_UNINITIALIZED_AUTOS = YES_AGGRESSIVE;
			GCC_WARN_UNUSED_FUNCTION = YES;
			GCC_WARN_UNUSED_VARIABLE = YES;
			MACOSX_DEPLOYMENT_TARGET = 14.0;
			MTL_ENABLE_DEBUG_INFO = INCLUDE_SOURCE;
			ONLY_ACTIVE_ARCH = YES;
			SDKROOT = macosx;
			SUPPORTS_MAC_DESIGNED_FOR_IPHONE_IPAD = NO;
			SWIFT_ACTIVE_COMPILATION_CONDITIONS = DEBUG;
			SWIFT_OPTIMIZATION_LEVEL = "-Onone";
			SWIFT_VERSION = 5.9;
		};
		name = Debug;
	};
	1A0D0C0611223344556677C5 /* Release */ = {
		isa = XCBuildConfiguration;
		buildSettings = {
			ALWAYS_SEARCH_USER_PATHS = NO;
			CLANG_ANALYZER_NONNULL = YES;
			CLANG_ANALYZER_NUMBER_OBJECT_CONVERSION = YES_AGGRESSIVE;
			CLANG_CXX_LANGUAGE_STANDARD = "gnu++20";
			CLANG_ENABLE_MODULES = YES;
			CLANG_ENABLE_OBJC_ARC = YES;
			CLANG_WARN_BLOCK_CAPTURE_AUTORELEASING = YES;
			CLANG_WARN_BOOL_CONVERSION = YES;
			CLANG_WARN_COMMA = YES;
			CLANG_WARN_CONSTANT_CONVERSION = YES;
			CLANG_WARN_DEPRECATED_OBJC_IMPLEMENTATIONS = YES;
			CLANG_WARN_DIRECT_OBJC_ISA_USAGE = YES_ERROR;
			CLANG_WARN_DOCUMENTATION_COMMENTS = YES;
			CLANG_WARN_EMPTY_BODY = YES;
			CLANG_WARN_ENUM_CONVERSION = YES;
			CLANG_WARN_INFINITE_RECURSION = YES;
			CLANG_WARN_INT_CONVERSION = YES;
			CLANG_WARN_NON_LITERAL_NULL_CONVERSION = YES;
			CLANG_WARN_OBJC_IMPLICIT_RETAIN_SELF = YES;
			CLANG_WARN_OBJC_LITERAL_CONVERSION = YES;
			CLANG_WARN_RANGE_LOOP_ANALYSIS = YES;
			CLANG_WARN_STRICT_PROTOTYPES = YES;
			CLANG_WARN_SUSPICIOUS_MOVE = YES;
			CLANG_WARN_UNREACHABLE_CODE = YES;
			CLANG_WARN__DUPLICATE_METHOD_MATCH = YES;
			COPY_PHASE_STRIP = NO;
			ENABLE_NS_ASSERTIONS = NO;
			ENABLE_STRICT_OBJC_MSGSEND = YES;
			GCC_C_LANGUAGE_STANDARD = gnu11;
			GCC_NO_COMMON_BLOCKS = YES;
			GCC_WARN_64_TO_32_BIT_CONVERSION = YES;
			GCC_WARN_ABOUT_RETURN_TYPE = YES_ERROR;
			GCC_WARN_UNDECLARED_SELECTOR = YES;
			GCC_WARN_UNINITIALIZED_AUTOS = YES_AGGRESSIVE;
			GCC_WARN_UNUSED_FUNCTION = YES;
			GCC_WARN_UNUSED_VARIABLE = YES;
			MACOSX_DEPLOYMENT_TARGET = 14.0;
			MTL_ENABLE_DEBUG_INFO = NO;
			SDKROOT = macosx;
			SUPPORTS_MAC_DESIGNED_FOR_IPHONE_IPAD = NO;
			SWIFT_COMPILATION_MODE = wholemodule;
			SWIFT_OPTIMIZATION_LEVEL = "-O";
			SWIFT_VERSION = 5.9;
		};
		name = Release;
	};
	1A0D0C0611223344556677C7 /* Debug */ = {
		isa = XCBuildConfiguration;
		buildSettings = {
			ASSETCATALOG_COMPILER_APPICON_NAME = "";
			CODE_SIGN_IDENTITY = "-";
			CODE_SIGN_STYLE = Manual;
			CODE_SIGNING_ALLOWED = NO;
			CODE_SIGNING_REQUIRED = NO;
			COMBINE_HIDPI_IMAGES = YES;
			CURRENT_PROJECT_VERSION = 1;
			DEVELOPMENT_TEAM = "";
			ENABLE_PREVIEWS = YES;
			GENERATE_INFOPLIST_FILE = NO;
			INFOPLIST_FILE = FloritaApp/Info.plist;
			LD_RUNPATH_SEARCH_PATHS = (
				"$(inherited)",
				"@executable_path/../Frameworks"
			);
			MACOSX_DEPLOYMENT_TARGET = 14.0;
			MARKETING_VERSION = 1.0;
			PRODUCT_BUNDLE_IDENTIFIER = com.example.florita;
			PRODUCT_NAME = Florita;
			SDKROOT = macosx;
			SWIFT_VERSION = 5.9;
			TARGETED_DEVICE_FAMILY = "1";
		};
		name = Debug;
	};
	1A0D0C0611223344556677C8 /* Release */ = {
		isa = XCBuildConfiguration;
		buildSettings = {
			ASSETCATALOG_COMPILER_APPICON_NAME = "";
			CODE_SIGN_STYLE = Automatic;
			COMBINE_HIDPI_IMAGES = YES;
			CURRENT_PROJECT_VERSION = 1;
			DEVELOPMENT_TEAM = "";
			ENABLE_PREVIEWS = YES;
			GENERATE_INFOPLIST_FILE = NO;
			INFOPLIST_FILE = FloritaApp/Info.plist;
			LD_RUNPATH_SEARCH_PATHS = (
				"$(inherited)",
				"@executable_path/../Frameworks"
			);
			MACOSX_DEPLOYMENT_TARGET = 14.0;
			MARKETING_VERSION = 1.0;
			PRODUCT_BUNDLE_IDENTIFIER = com.example.florita;
			PRODUCT_NAME = Florita;
			SDKROOT = macosx;
			SWIFT_VERSION = 5.9;
			TARGETED_DEVICE_FAMILY = "1";
		};
		name = Release;
	};
	1A0D0C0611223344556677CD /* Debug */ = {
		isa = XCBuildConfiguration;
		buildSettings = {
			BUNDLE_LOADER = "$(TEST_HOST)";
			CODE_SIGN_STYLE = Automatic;
			DEVELOPMENT_TEAM = "";
			GENERATE_INFOPLIST_FILE = YES;
			LD_RUNPATH_SEARCH_PATHS = (
				"$(inherited)",
				"@executable_path/../Frameworks",
				"@loader_path/../Frameworks"
			);
			MACOSX_DEPLOYMENT_TARGET = 14.0;
			PRODUCT_BUNDLE_IDENTIFIER = com.example.floritaTests;
			PRODUCT_NAME = FloritaTests;
			SWIFT_ACTIVE_COMPILATION_CONDITIONS = DEBUG;
			SWIFT_VERSION = 5.9;
			TEST_HOST = "$(BUILT_PRODUCTS_DIR)/Florita.app/Contents/MacOS/Florita";
		};
		name = Debug;
	};
	1A0D0C0611223344556677CE /* Release */ = {
		isa = XCBuildConfiguration;
		buildSettings = {
			BUNDLE_LOADER = "$(TEST_HOST)";
			CODE_SIGN_STYLE = Automatic;
			DEVELOPMENT_TEAM = "";
			GENERATE_INFOPLIST_FILE = YES;
			LD_RUNPATH_SEARCH_PATHS = (
				"$(inherited)",
				"@executable_path/../Frameworks",
				"@loader_path/../Frameworks"
			);
			MACOSX_DEPLOYMENT_TARGET = 14.0;
			PRODUCT_BUNDLE_IDENTIFIER = com.example.floritaTests;
			PRODUCT_NAME = FloritaTests;
			SWIFT_VERSION = 5.9;
			TEST_HOST = "$(BUILT_PRODUCTS_DIR)/Florita.app/Contents/MacOS/Florita";
		};
		name = Release;
	};
/* End XCBuildConfiguration section */

/* Begin XCConfigurationList section */
	1A0D0C0611223344556677C3 /* Build configuration list for PBXProject "Florita" */ = {
		isa = XCConfigurationList;
		buildConfigurations = (
			1A0D0C0611223344556677C4 /* Debug */,
			1A0D0C0611223344556677C5 /* Release */
		);
		defaultConfigurationIsVisible = 0;
		defaultConfigurationName = Release;
	};
	1A0D0C0611223344556677C6 /* Build configuration list for PBXNativeTarget "Florita" */ = {
		isa = XCConfigurationList;
		buildConfigurations = (
			1A0D0C0611223344556677C7 /* Debug */,
			1A0D0C0611223344556677C8 /* Release */
		);
		defaultConfigurationIsVisible = 0;
		defaultConfigurationName = Release;
	};
	1A0D0C0611223344556677CC /* Build configuration list for PBXNativeTarget "FloritaTests" */ = {
		isa = XCConfigurationList;
		buildConfigurations = (
			1A0D0C0611223344556677CD /* Debug */,
			1A0D0C0611223344556677CE /* Release */
		);
		defaultConfigurationIsVisible = 0;
		defaultConfigurationName = Release;
	};
/* End XCConfigurationList section */

	};
	rootObject = 1A0D0C061122334455667780 /* Project object */;
}
